
Microsoft Visual Studio Solution File, Format Version 12.00
# Visual Studio 15
VisualStudioVersion = 15.0.28307.1259
MinimumVisualStudioVersion = 10.0.40219.1
Project("{FAE04EC0-301F-11D3-BF4B-00C04F79EFBC}") = "client", "client\client.csproj", "{A454292E-6C30-43A9-A8E9-BFE134E7B7F5}"
EndProject
Global
	GlobalSection(SolutionConfigurationPlatforms) = preSolution
		Debug|Any CPU = Debug|Any CPU
		Release|Any CPU = Release|Any CPU
	EndGlobalSection
	GlobalSection(ProjectConfigurationPlatforms) = postSolution
		{A454292E-6C30-43A9-A8E9-BFE134E7B7F5}.Debug|Any CPU.ActiveCfg = Debug|Any CPU
		{A454292E-6C30-43A9-A8E9-BFE134E7B7F5}.Debug|Any CPU.Build.0 = Debug|Any CPU
		{A454292E-6C30-43A9-A8E9-BFE134E7B7F5}.Release|Any CPU.ActiveCfg = Release|Any CPU
		{A454292E-6C30-43A9-A8E9-BFE134E7B7F5}.Release|Any CPU.Build.0 = Release|Any CPU
	EndGlobalSection
	GlobalSection(SolutionProperties) = preSolution
		HideSolutionNode = FALSE
	EndGlobalSection
	GlobalSection(ExtensibilityGlobals) = postSolution
		SolutionGuid = {DBBCE67B-C47F-440C-9E4A-0E9B5A99D227}
	EndGlobalSection
EndGlobal
