
Microsoft Visual Studio Solution File, Format Version 12.00
# Visual Studio 15
VisualStudioVersion = 15.0.28307.1259
MinimumVisualStudioVersion = 10.0.40219.1
Project("{FAE04EC0-301F-11D3-BF4B-00C04F79EFBC}") = "server_UDP", "server_UDP\server_UDP.csproj", "{A75037DF-0911-4A55-A154-8D8CCC5F01A9}"
EndProject
Global
	GlobalSection(SolutionConfigurationPlatforms) = preSolution
		Debug|Any CPU = Debug|Any CPU
		Release|Any CPU = Release|Any CPU
	EndGlobalSection
	GlobalSection(ProjectConfigurationPlatforms) = postSolution
		{A75037DF-0911-4A55-A154-8D8CCC5F01A9}.Debug|Any CPU.ActiveCfg = Debug|Any CPU
		{A75037DF-0911-4A55-A154-8D8CCC5F01A9}.Debug|Any CPU.Build.0 = Debug|Any CPU
		{A75037DF-0911-4A55-A154-8D8CCC5F01A9}.Release|Any CPU.ActiveCfg = Release|Any CPU
		{A75037DF-0911-4A55-A154-8D8CCC5F01A9}.Release|Any CPU.Build.0 = Release|Any CPU
	EndGlobalSection
	GlobalSection(SolutionProperties) = preSolution
		HideSolutionNode = FALSE
	EndGlobalSection
	GlobalSection(ExtensibilityGlobals) = postSolution
		SolutionGuid = {34295105-D8A7-4274-99CB-88B3B1570C78}
	EndGlobalSection
EndGlobal
